// !$*UTF8*$!
{
	archiveVersion = 1;
	classes = {
	};
	objectVersion = 50;
	objects = {

/* Begin PBXBuildFile section */
		086F740D241FB905003536A5 /* AboutView.swift in Sources */ = {isa = PBXBuildFile; fileRef = 086F740C241FB905003536A5 /* AboutView.swift */; };
		089C694A241D7F9300606AD9 /* AppDelegate.swift in Sources */ = {isa = PBXBuildFile; fileRef = 089C6949241D7F9300606AD9 /* AppDelegate.swift */; };
		089C694C241D7F9300606AD9 /* SceneDelegate.swift in Sources */ = {isa = PBXBuildFile; fileRef = 089C694B241D7F9300606AD9 /* SceneDelegate.swift */; };
		089C694E241D7F9300606AD9 /* ContentView.swift in Sources */ = {isa = PBXBuildFile; fileRef = 089C694D241D7F9300606AD9 /* ContentView.swift */; };
		089C6950241D7F9700606AD9 /* Assets.xcassets in Resources */ = {isa = PBXBuildFile; fileRef = 089C694F241D7F9700606AD9 /* Assets.xcassets */; };
		089C6953241D7F9700606AD9 /* Preview Assets.xcassets in Resources */ = {isa = PBXBuildFile; fileRef = 089C6952241D7F9700606AD9 /* Preview Assets.xcassets */; };
		089C6956241D7F9700606AD9 /* LaunchScreen.storyboard in Resources */ = {isa = PBXBuildFile; fileRef = 089C6954241D7F9700606AD9 /* LaunchScreen.storyboard */; };
/* End PBXBuildFile section */

/* Begin PBXFileReference section */
		086F740C241FB905003536A5 /* AboutView.swift */ = {isa = PBXFileReference; lastKnownFileType = sourcecode.swift; path = AboutView.swift; sourceTree = "<group>"; };
		089C6946241D7F9300606AD9 /* Bull's Eye.app */ = {isa = PBXFileReference; explicitFileType = wrapper.application; includeInIndex = 0; path = "Bull's Eye.app"; sourceTree = BUILT_PRODUCTS_DIR; };
		089C6949241D7F9300606AD9 /* AppDelegate.swift */ = {isa = PBXFileReference; lastKnownFileType = sourcecode.swift; path = AppDelegate.swift; sourceTree = "<group>"; };
		089C694B241D7F9300606AD9 /* SceneDelegate.swift */ = {isa = PBXFileReference; lastKnownFileType = sourcecode.swift; path = SceneDelegate.swift; sourceTree = "<group>"; };
		089C694D241D7F9300606AD9 /* ContentView.swift */ = {isa = PBXFileReference; lastKnownFileType = sourcecode.swift; path = ContentView.swift; sourceTree = "<group>"; };
		089C694F241D7F9700606AD9 /* Assets.xcassets */ = {isa = PBXFileReference; lastKnownFileType = folder.assetcatalog; path = Assets.xcassets; sourceTree = "<group>"; };
		089C6952241D7F9700606AD9 /* Preview Assets.xcassets */ = {isa = PBXFileReference; lastKnownFileType = folder.assetcatalog; path = "Preview Assets.xcassets"; sourceTree = "<group>"; };
		089C6955241D7F9700606AD9 /* Base */ = {isa = PBXFileReference; lastKnownFileType = file.storyboard; name = Base; path = Base.lproj/LaunchScreen.storyboard; sourceTree = "<group>"; };
		089C6957241D7F9700606AD9 /* Info.plist */ = {isa = PBXFileReference; lastKnownFileType = text.plist.xml; path = Info.plist; sourceTree = "<group>"; };
/* End PBXFileReference section */

/* Begin PBXFrameworksBuildPhase section */
		089C6943241D7F9300606AD9 /* Frameworks */ = {
			isa = PBXFrameworksBuildPhase;
			buildActionMask = 2147483647;
			files = (
			);
			runOnlyForDeploymentPostprocessing = 0;
		};
/* End PBXFrameworksBuildPhase section */

/* Begin PBXGroup section */
		089C693D241D7F9300606AD9 = {
			isa = PBXGroup;
			children = (
				089C6948241D7F9300606AD9 /* Bullseye */,
				089C6947241D7F9300606AD9 /* Products */,
			);
			sourceTree = "<group>";
		};
		089C6947241D7F9300606AD9 /* Products */ = {
			isa = PBXGroup;
			children = (
				089C6946241D7F9300606AD9 /* Bull's Eye.app */,
			);
			name = Products;
			sourceTree = "<group>";
		};
		089C6948241D7F9300606AD9 /* Bullseye */ = {
			isa = PBXGroup;
			children = (
				089C6949241D7F9300606AD9 /* AppDelegate.swift */,
				089C694B241D7F9300606AD9 /* SceneDelegate.swift */,
				089C694D241D7F9300606AD9 /* ContentView.swift */,
				086F740C241FB905003536A5 /* AboutView.swift */,
				089C694F241D7F9700606AD9 /* Assets.xcassets */,
				089C6954241D7F9700606AD9 /* LaunchScreen.storyboard */,
				089C6957241D7F9700606AD9 /* Info.plist */,
				089C6951241D7F9700606AD9 /* Preview Content */,
			);
			path = Bullseye;
			sourceTree = "<group>";
		};
		089C6951241D7F9700606AD9 /* Preview Content */ = {
			isa = PBXGroup;
			children = (
				089C6952241D7F9700606AD9 /* Preview Assets.xcassets */,
			);
			path = "Preview Content";
			sourceTree = "<group>";
		};
/* End PBXGroup section */

/* Begin PBXNativeTarget section */
		089C6945241D7F9300606AD9 /* Bullseye */ = {
			isa = PBXNativeTarget;
			buildConfigurationList = 089C695A241D7F9700606AD9 /* Build configuration list for PBXNativeTarget "Bullseye" */;
			buildPhases = (
				089C6942241D7F9300606AD9 /* Sources */,
				089C6943241D7F9300606AD9 /* Frameworks */,
				089C6944241D7F9300606AD9 /* Resources */,
			);
			buildRules = (
			);
			dependencies = (
			);
			name = Bullseye;
			productName = Bullseye;
			productReference = 089C6946241D7F9300606AD9 /* Bull's Eye.app */;
			productType = "com.apple.product-type.application";
		};
/* End PBXNativeTarget section */

/* Begin PBXProject section */
		089C693E241D7F9300606AD9 /* Project object */ = {
			isa = PBXProject;
			attributes = {
				LastSwiftUpdateCheck = 1130;
				LastUpgradeCheck = 1130;
				ORGANIZATIONNAME = "Simone Tissi";
				TargetAttributes = {
					089C6945241D7F9300606AD9 = {
						CreatedOnToolsVersion = 11.3.1;
					};
				};
			};
			buildConfigurationList = 089C6941241D7F9300606AD9 /* Build configuration list for PBXProject "Bullseye" */;
			compatibilityVersion = "Xcode 9.3";
			developmentRegion = en;
			hasScannedForEncodings = 0;
			knownRegions = (
				en,
				Base,
			);
			mainGroup = 089C693D241D7F9300606AD9;
			productRefGroup = 089C6947241D7F9300606AD9 /* Products */;
			projectDirPath = "";
			projectRoot = "";
			targets = (
				089C6945241D7F9300606AD9 /* Bullseye */,
			);
		};
/* End PBXProject section */

/* Begin PBXResourcesBuildPhase section */
		089C6944241D7F9300606AD9 /* Resources */ = {
			isa = PBXResourcesBuildPhase;
			buildActionMask = 2147483647;
			files = (
				089C6956241D7F9700606AD9 /* LaunchScreen.storyboard in Resources */,
				089C6953241D7F9700606AD9 /* Preview Assets.xcassets in Resources */,
				089C6950241D7F9700606AD9 /* Assets.xcassets in Resources */,
			);
			runOnlyForDeploymentPostprocessing = 0;
		};
/* End PBXResourcesBuildPhase section */

/* Begin PBXSourcesBuildPhase section */
		089C6942241D7F9300606AD9 /* Sources */ = {
			isa = PBXSourcesBuildPhase;
			buildActionMask = 2147483647;
			files = (
				086F740D241FB905003536A5 /* AboutView.swift in Sources */,
				089C694A241D7F9300606AD9 /* AppDelegate.swift in Sources */,
				089C694C241D7F9300606AD9 /* SceneDelegate.swift in Sources */,
				089C694E241D7F9300606AD9 /* ContentView.swift in Sources */,
			);
			runOnlyForDeploymentPostprocessing = 0;
		};
/* End PBXSourcesBuildPhase section */

/* Begin PBXVariantGroup section */
		089C6954241D7F9700606AD9 /* LaunchScreen.storyboard */ = {
			isa = PBXVariantGroup;
			children = (
				089C6955241D7F9700606AD9 /* Base */,
			);
			name = LaunchScreen.storyboard;
			sourceTree = "<group>";
		};
/* End PBXVariantGroup section */

/* Begin XCBuildConfiguration section */
		089C6958241D7F9700606AD9 /* Debug */ = {
			isa = XCBuildConfiguration;
			buildSettings = {
				ALWAYS_SEARCH_USER_PATHS = NO;
				CLANG_ANALYZER_NONNULL = YES;
				CLANG_ANALYZER_NUMBER_OBJECT_CONVERSION = YES_AGGRESSIVE;
				CLANG_CXX_LANGUAGE_STANDARD = "gnu++14";
				CLANG_CXX_LIBRARY = "libc++";
				CLANG_ENABLE_MODULES = YES;
				CLANG_ENABLE_OBJC_ARC = YES;
				CLANG_ENABLE_OBJC_WEAK = YES;
				CLANG_WARN_BLOCK_CAPTURE_AUTORELEASING = YES;
				CLANG_WARN_BOOL_CONVERSION = YES;
				CLANG_WARN_COMMA = YES;
				CLANG_WARN_CONSTANT_CONVERSION = YES;
				CLANG_WARN_DEPRECATED_OBJC_IMPLEMENTATIONS = YES;
				CLANG_WARN_DIRECT_OBJC_ISA_USAGE = YES_ERROR;
				CLANG_WARN_DOCUMENTATION_COMMENTS = YES;
				CLANG_WARN_EMPTY_BODY = YES;
				CLANG_WARN_ENUM_CONVERSION = YES;
				CLANG_WARN_INFINITE_RECURSION = YES;
				CLANG_WARN_INT_CONVERSION = YES;
				CLANG_WARN_NON_LITERAL_NULL_CONVERSION = YES;
				CLANG_WARN_OBJC_IMPLICIT_RETAIN_SELF = YES;
				CLANG_WARN_OBJC_LITERAL_CONVERSION = YES;
				CLANG_WARN_OBJC_ROOT_CLASS = YES_ERROR;
				CLANG_WARN_RANGE_LOOP_ANALYSIS = YES;
				CLANG_WARN_STRICT_PROTOTYPES = YES;
				CLANG_WARN_SUSPICIOUS_MOVE = YES;
				CLANG_WARN_UNGUARDED_AVAILABILITY = YES_AGGRESSIVE;
				CLANG_WARN_UNREACHABLE_CODE = YES;
				CLANG_WARN__DUPLICATE_METHOD_MATCH = YES;
				COPY_PHASE_STRIP = NO;
				DEBUG_INFORMATION_FORMAT = dwarf;
				ENABLE_STRICT_OBJC_MSGSEND = YES;
				ENABLE_TESTABILITY = YES;
				GCC_C_LANGUAGE_STANDARD = gnu11;
				GCC_DYNAMIC_NO_PIC = NO;
				GCC_NO_COMMON_BLOCKS = YES;
				GCC_OPTIMIZATION_LEVEL = 0;
				GCC_PREPROCESSOR_DEFINITIONS = (
					"DEBUG=1",
					"$(inherited)",
				);
				GCC_WARN_64_TO_32_BIT_CONVERSION = YES;
				GCC_WARN_ABOUT_RETURN_TYPE = YES_ERROR;
				GCC_WARN_UNDECLARED_SELECTOR = YES;
				GCC_WARN_UNINITIALIZED_AUTOS = YES_AGGRESSIVE;
				GCC_WARN_UNUSED_FUNCTION = YES;
				GCC_WARN_UNUSED_VARIABLE = YES;
				IPHONEOS_DEPLOYMENT_TARGET = 13.2;
				MTL_ENABLE_DEBUG_INFO = INCLUDE_SOURCE;
				MTL_FAST_MATH = YES;
				ONLY_ACTIVE_ARCH = YES;
				SDKROOT = iphoneos;
				SWIFT_ACTIVE_COMPILATION_CONDITIONS = DEBUG;
				SWIFT_OPTIMIZATION_LEVEL = "-Onone";
			};
			name = Debug;
		};
		089C6959241D7F9700606AD9 /* Release */ = {
			isa = XCBuildConfiguration;
			buildSettings = {
				ALWAYS_SEARCH_USER_PATHS = NO;
				CLANG_ANALYZER_NONNULL = YES;
				CLANG_ANALYZER_NUMBER_OBJECT_CONVERSION = YES_AGGRESSIVE;
				CLANG_CXX_LANGUAGE_STANDARD = "gnu++14";
				CLANG_CXX_LIBRARY = "libc++";
				CLANG_ENABLE_MODULES = YES;
				CLANG_ENABLE_OBJC_ARC = YES;
				CLANG_ENABLE_OBJC_WEAK = YES;
				CLANG_WARN_BLOCK_CAPTURE_AUTORELEASING = YES;
				CLANG_WARN_BOOL_CONVERSION = YES;
				CLANG_WARN_COMMA = YES;
				CLANG_WARN_CONSTANT_CONVERSION = YES;
				CLANG_WARN_DEPRECATED_OBJC_IMPLEMENTATIONS = YES;
				CLANG_WARN_DIRECT_OBJC_ISA_USAGE = YES_ERROR;
				CLANG_WARN_DOCUMENTATION_COMMENTS = YES;
				CLANG_WARN_EMPTY_BODY = YES;
				CLANG_WARN_ENUM_CONVERSION = YES;
				CLANG_WARN_INFINITE_RECURSION = YES;
				CLANG_WARN_INT_CONVERSION = YES;
				CLANG_WARN_NON_LITERAL_NULL_CONVERSION = YES;
				CLANG_WARN_OBJC_IMPLICIT_RETAIN_SELF = YES;
				CLANG_WARN_OBJC_LITERAL_CONVERSION = YES;
				CLANG_WARN_OBJC_ROOT_CLASS = YES_ERROR;
				CLANG_WARN_RANGE_LOOP_ANALYSIS = YES;
				CLANG_WARN_STRICT_PROTOTYPES = YES;
				CLANG_WARN_SUSPICIOUS_MOVE = YES;
				CLANG_WARN_UNGUARDED_AVAILABILITY = YES_AGGRESSIVE;
				CLANG_WARN_UNREACHABLE_CODE = YES;
				CLANG_WARN__DUPLICATE_METHOD_MATCH = YES;
				COPY_PHASE_STRIP = NO;
				DEBUG_INFORMATION_FORMAT = "dwarf-with-dsym";
				ENABLE_NS_ASSERTIONS = NO;
				ENABLE_STRICT_OBJC_MSGSEND = YES;
				GCC_C_LANGUAGE_STANDARD = gnu11;
				GCC_NO_COMMON_BLOCKS = YES;
				GCC_WARN_64_TO_32_BIT_CONVERSION = YES;
				GCC_WARN_ABOUT_RETURN_TYPE = YES_ERROR;
				GCC_WARN_UNDECLARED_SELECTOR = YES;
				GCC_WARN_UNINITIALIZED_AUTOS = YES_AGGRESSIVE;
				GCC_WARN_UNUSED_FUNCTION = YES;
				GCC_WARN_UNUSED_VARIABLE = YES;
				IPHONEOS_DEPLOYMENT_TARGET = 13.2;
				MTL_ENABLE_DEBUG_INFO = NO;
				MTL_FAST_MATH = YES;
				SDKROOT = iphoneos;
				SWIFT_COMPILATION_MODE = wholemodule;
				SWIFT_OPTIMIZATION_LEVEL = "-O";
				VALIDATE_PRODUCT = YES;
			};
			name = Release;
		};
		089C695B241D7F9700606AD9 /* Debug */ = {
			isa = XCBuildConfiguration;
			buildSettings = {
				ASSETCATALOG_COMPILER_APPICON_NAME = AppIcon;
				CODE_SIGN_STYLE = Automatic;
				DEVELOPMENT_ASSET_PATHS = "\"Bullseye/Preview Content\"";
				ENABLE_PREVIEWS = YES;
				INFOPLIST_FILE = Bullseye/Info.plist;
				LD_RUNPATH_SEARCH_PATHS = (
					"$(inherited)",
					"@executable_path/Frameworks",
				);
				PRODUCT_BUNDLE_IDENTIFIER = Archeido.Bullseye;
				PRODUCT_NAME = "Bull's Eye";
				SWIFT_VERSION = 5.0;
				TARGETED_DEVICE_FAMILY = "1,2";
			};
			name = Debug;
		};
		089C695C241D7F9700606AD9 /* Release */ = {
			isa = XCBuildConfiguration;
			buildSettings = {
				ASSETCATALOG_COMPILER_APPICON_NAME = AppIcon;
				CODE_SIGN_STYLE = Automatic;
				DEVELOPMENT_ASSET_PATHS = "\"Bullseye/Preview Content\"";
				ENABLE_PREVIEWS = YES;
				INFOPLIST_FILE = Bullseye/Info.plist;
				LD_RUNPATH_SEARCH_PATHS = (
					"$(inherited)",
					"@executable_path/Frameworks",
				);
				PRODUCT_BUNDLE_IDENTIFIER = Archeido.Bullseye;
				PRODUCT_NAME = "Bull's Eye";
				SWIFT_VERSION = 5.0;
				TARGETED_DEVICE_FAMILY = "1,2";
			};
			name = Release;
		};
/* End XCBuildConfiguration section */

/* Begin XCConfigurationList section */
		089C6941241D7F9300606AD9 /* Build configuration list for PBXProject "Bullseye" */ = {
			isa = XCConfigurationList;
			buildConfigurations = (
				089C6958241D7F9700606AD9 /* Debug */,
				089C6959241D7F9700606AD9 /* Release */,
			);
			defaultConfigurationIsVisible = 0;
			defaultConfigurationName = Release;
		};
		089C695A241D7F9700606AD9 /* Build configuration list for PBXNativeTarget "Bullseye" */ = {
			isa = XCConfigurationList;
			buildConfigurations = (
				089C695B241D7F9700606AD9 /* Debug */,
				089C695C241D7F9700606AD9 /* Release */,
			);
			defaultConfigurationIsVisible = 0;
			defaultConfigurationName = Release;
		};
/* End XCConfigurationList section */
	};
	rootObject = 089C693E241D7F9300606AD9 /* Project object */;
}
